
Microsoft Visual Studio Solution File, Format Version 12.00
# Visual Studio 14
VisualStudioVersion = 14.0.25420.1
MinimumVisualStudioVersion = 10.0.40219.1
Project("{FAE04EC0-301F-11D3-BF4B-00C04F79EFBC}") = "RightManage", "RightManage\RightManage.csproj", "{30213B71-AD83-422F-80CA-0D84B6D7F019}"
EndProject
Project("{FAE04EC0-301F-11D3-BF4B-00C04F79EFBC}") = "Ts", "Ts\Ts.csproj", "{E04C9CDB-203C-4D43-9EE7-1426CE540F22}"
EndProject
Project("{FAE04EC0-301F-11D3-BF4B-00C04F79EFBC}") = "RightManage.Service", "RightManage.Service\RightManage.Service.csproj", "{CA297884-814E-46D9-B5C2-ADF84D6F43E5}"
EndProject
Project("{FAE04EC0-301F-11D3-BF4B-00C04F79EFBC}") = "RightManage.BF", "RightManage.BF\RightManage.BF.csproj", "{BB5DD007-1FFC-4700-8924-C8BAB54408E5}"
EndProject
Project("{FAE04EC0-301F-11D3-BF4B-00C04F79EFBC}") = "RightManage.DA", "RightManage.DA\RightManage.DA.csproj", "{1D3D9C38-D223-4D21-8FAD-38011E2E81F0}"
EndProject
Project("{FAE04EC0-301F-11D3-BF4B-00C04F79EFBC}") = "RightManage.DB", "RightManage.DB\RightManage.DB.csproj", "{52BFFB91-4848-4C05-A666-EE69365EBC78}"
EndProject
Project("{FAE04EC0-301F-11D3-BF4B-00C04F79EFBC}") = "RightManage.Data", "RightManage.Data\RightManage.Data.csproj", "{D045EE49-9DC0-49E1-9C2C-3BDF311D56D1}"
EndProject
Project("{FAE04EC0-301F-11D3-BF4B-00C04F79EFBC}") = "RightManage.Core", "RightManage.Core\RightManage.Core.csproj", "{0F72D351-494A-424C-A0B5-18A8580FBBB0}"
EndProject
Project("{FAE04EC0-301F-11D3-BF4B-00C04F79EFBC}") = "RightManage.Api", "RightManage.Api\RightManage.Api.csproj", "{2D2BF3D5-AE85-41AC-BA3A-E21EBED09075}"
EndProject
Global
	GlobalSection(SolutionConfigurationPlatforms) = preSolution
		Debug|Any CPU = Debug|Any CPU
		Release|Any CPU = Release|Any CPU
	EndGlobalSection
	GlobalSection(ProjectConfigurationPlatforms) = postSolution
		{30213B71-AD83-422F-80CA-0D84B6D7F019}.Debug|Any CPU.ActiveCfg = Debug|Any CPU
		{30213B71-AD83-422F-80CA-0D84B6D7F019}.Debug|Any CPU.Build.0 = Debug|Any CPU
		{30213B71-AD83-422F-80CA-0D84B6D7F019}.Release|Any CPU.ActiveCfg = Release|Any CPU
		{30213B71-AD83-422F-80CA-0D84B6D7F019}.Release|Any CPU.Build.0 = Release|Any CPU
		{E04C9CDB-203C-4D43-9EE7-1426CE540F22}.Debug|Any CPU.ActiveCfg = Debug|Any CPU
		{E04C9CDB-203C-4D43-9EE7-1426CE540F22}.Debug|Any CPU.Build.0 = Debug|Any CPU
		{E04C9CDB-203C-4D43-9EE7-1426CE540F22}.Release|Any CPU.ActiveCfg = Release|Any CPU
		{E04C9CDB-203C-4D43-9EE7-1426CE540F22}.Release|Any CPU.Build.0 = Release|Any CPU
		{CA297884-814E-46D9-B5C2-ADF84D6F43E5}.Debug|Any CPU.ActiveCfg = Debug|Any CPU
		{CA297884-814E-46D9-B5C2-ADF84D6F43E5}.Debug|Any CPU.Build.0 = Debug|Any CPU
		{CA297884-814E-46D9-B5C2-ADF84D6F43E5}.Release|Any CPU.ActiveCfg = Release|Any CPU
		{CA297884-814E-46D9-B5C2-ADF84D6F43E5}.Release|Any CPU.Build.0 = Release|Any CPU
		{BB5DD007-1FFC-4700-8924-C8BAB54408E5}.Debug|Any CPU.ActiveCfg = Debug|Any CPU
		{BB5DD007-1FFC-4700-8924-C8BAB54408E5}.Debug|Any CPU.Build.0 = Debug|Any CPU
		{BB5DD007-1FFC-4700-8924-C8BAB54408E5}.Release|Any CPU.ActiveCfg = Release|Any CPU
		{BB5DD007-1FFC-4700-8924-C8BAB54408E5}.Release|Any CPU.Build.0 = Release|Any CPU
		{1D3D9C38-D223-4D21-8FAD-38011E2E81F0}.Debug|Any CPU.ActiveCfg = Debug|Any CPU
		{1D3D9C38-D223-4D21-8FAD-38011E2E81F0}.Debug|Any CPU.Build.0 = Debug|Any CPU
		{1D3D9C38-D223-4D21-8FAD-38011E2E81F0}.Release|Any CPU.ActiveCfg = Release|Any CPU
		{1D3D9C38-D223-4D21-8FAD-38011E2E81F0}.Release|Any CPU.Build.0 = Release|Any CPU
		{52BFFB91-4848-4C05-A666-EE69365EBC78}.Debug|Any CPU.ActiveCfg = Debug|Any CPU
		{52BFFB91-4848-4C05-A666-EE69365EBC78}.Debug|Any CPU.Build.0 = Debug|Any CPU
		{52BFFB91-4848-4C05-A666-EE69365EBC78}.Release|Any CPU.ActiveCfg = Release|Any CPU
		{52BFFB91-4848-4C05-A666-EE69365EBC78}.Release|Any CPU.Build.0 = Release|Any CPU
		{D045EE49-9DC0-49E1-9C2C-3BDF311D56D1}.Debug|Any CPU.ActiveCfg = Debug|Any CPU
		{D045EE49-9DC0-49E1-9C2C-3BDF311D56D1}.Debug|Any CPU.Build.0 = Debug|Any CPU
		{D045EE49-9DC0-49E1-9C2C-3BDF311D56D1}.Release|Any CPU.ActiveCfg = Release|Any CPU
		{D045EE49-9DC0-49E1-9C2C-3BDF311D56D1}.Release|Any CPU.Build.0 = Release|Any CPU
		{0F72D351-494A-424C-A0B5-18A8580FBBB0}.Debug|Any CPU.ActiveCfg = Debug|Any CPU
		{0F72D351-494A-424C-A0B5-18A8580FBBB0}.Debug|Any CPU.Build.0 = Debug|Any CPU
		{0F72D351-494A-424C-A0B5-18A8580FBBB0}.Release|Any CPU.ActiveCfg = Release|Any CPU
		{0F72D351-494A-424C-A0B5-18A8580FBBB0}.Release|Any CPU.Build.0 = Release|Any CPU
		{2D2BF3D5-AE85-41AC-BA3A-E21EBED09075}.Debug|Any CPU.ActiveCfg = Debug|Any CPU
		{2D2BF3D5-AE85-41AC-BA3A-E21EBED09075}.Debug|Any CPU.Build.0 = Debug|Any CPU
		{2D2BF3D5-AE85-41AC-BA3A-E21EBED09075}.Release|Any CPU.ActiveCfg = Release|Any CPU
		{2D2BF3D5-AE85-41AC-BA3A-E21EBED09075}.Release|Any CPU.Build.0 = Release|Any CPU
	EndGlobalSection
	GlobalSection(SolutionProperties) = preSolution
		HideSolutionNode = FALSE
	EndGlobalSection
EndGlobal
